
Microsoft Visual Studio Solution File, Format Version 12.00
# Visual Studio Version 17
VisualStudioVersion = 17.2.32630.192
MinimumVisualStudioVersion = 10.0.40219.1
Project("{FAE04EC0-301F-11D3-BF4B-00C04F79EFBC}") = "xadrez-console", "Xadrez-Console\xadrez-console.csproj", "{08C38255-2160-4C83-ACCE-A89FBDDC8C61}"
EndProject
Global
	GlobalSection(SolutionConfigurationPlatforms) = preSolution
		Debug|Any CPU = Debug|Any CPU
		Release|Any CPU = Release|Any CPU
	EndGlobalSection
	GlobalSection(ProjectConfigurationPlatforms) = postSolution
		{08C38255-2160-4C83-ACCE-A89FBDDC8C61}.Debug|Any CPU.ActiveCfg = Debug|Any CPU
		{08C38255-2160-4C83-ACCE-A89FBDDC8C61}.Debug|Any CPU.Build.0 = Debug|Any CPU
		{08C38255-2160-4C83-ACCE-A89FBDDC8C61}.Release|Any CPU.ActiveCfg = Release|Any CPU
		{08C38255-2160-4C83-ACCE-A89FBDDC8C61}.Release|Any CPU.Build.0 = Release|Any CPU
	EndGlobalSection
	GlobalSection(SolutionProperties) = preSolution
		HideSolutionNode = FALSE
	EndGlobalSection
	GlobalSection(ExtensibilityGlobals) = postSolution
		SolutionGuid = {44DBBD2C-BF0B-47B2-A8AF-22F83338808B}
	EndGlobalSection
EndGlobal
